{
  "version": 4,
  "terraform_version": "1.11.2",
  "serial": 30,
  "lineage": "7476ae5b-3615-0fce-6d07-74e1d070160a",
  "outputs": {
    "codedeploy_app_name": {
      "value": "istory-app",
      "type": "string"
    },
    "codedeploy_deployment_group_name": {
      "value": "istory-deploy-group",
      "type": "string"
    },
    "dev_istory_nginx_instance_public_ip": {
      "value": "13.125.149.28",
      "type": "string"
    },
    "istory-deploy-bucket_name": {
      "value": "istory-deploy-bucket-108782086806",
      "type": "string"
    },
    "rds_database_name": {
      "value": "istory",
      "type": "string"
    },
    "rds_endpoint": {
      "value": "istory-db.criqsqg84fvk.ap-northeast-2.rds.amazonaws.com:3306",
      "type": "string"
    },
    "rds_username": {
      "value": "user",
      "type": "string"
    },
    "ssh_private_key_pem": {
      "value": "-----BEGIN RSA PRIVATE KEY-----\nMIIEpAIBAAKCAQEA1NK3KspaFkJ8MmT4fwMgvDnH1f274nhEicvMby+cV/UrFXzm\nm3syZ8ZUXxaf7L9TCZ2U+se7BW6lIjgqzb4tO0lx7UAWqH4/EAR82ltg3ZoOuSLC\nScSkPZd1VKZjzMUAlyOu5ptdjKSZJ+LuFZ3XeL9Wyt8IXXhFsQD/FnJFag5gVsC4\nAnsIw1+KNyMBnqDOMrIhtjlAyJcyBU2oglWc18ur+594qdBKMEGe45Df/Q1yrR1W\nogaDZlCeGItaTcWuCZ6ndOuMtWe4kQWEjNssDbZwiVAj4+qfsHsK6Px8Ln2hccII\n3SmxO0VaKWOzyqTORh9Dg7Wt1ryXTXD0kQ3NrQIDAQABAoIBAQClPUXCD4KKrexI\nJGVcGE2eVy51U6BBYie05WtBGLJHCK/+6w8RwUGNmUuA2MwqwRHz8UnuvIzU1ueX\n/gwd2n67/XZbQttUz1CfWxylXTWEWUz9KaO4KtlqiOIsa1QpdPvUXXw6yH6F6HaR\npXw9hGP7+HOm6CxShkN1/tQP1YFXqY6+MIdrYMrGk2wApEbOyCGkUa0NwAtackWl\nIIP7AebgkH0eUsCfhhLYl73J1hu3oZWpoT4VsNPi7rIQLMHRLHRe6SpVO3r6VP6I\niYoD6MEsVu+MTERcl8SU/OR/XgepvTfvXz+a8NPDl8axhVgtv0SQx3+R26qHJ3L6\ng2VhmiMBAoGBANvQ+lT6+PNd9/bywI+dD31V6flGdnRU6y0w7wznARNwU9e3lfTv\n1X5JJKtKEwQtOe/A3NxcU2IwubDBCPzQ67YE/giihc46iPQ3sHlfPXJd1UPGdeY7\niHjt+Q9IilxLqTn54dTsb/kloFyNuq0y37YkbLjgPfFQrXcnar5R9kdRAoGBAPfb\nC3w5rT05n5aMC6HdwHwgkElIO0Gu1DTZVFGcyjGHjJvnYs+aeMMYWBCClz9grHbF\nlCKoJx4hrHmiIr68/vguqL6LsSX9YDOWfUJU0wI/2Pwf8rA9mo27RpbDTu6kroWh\nqGIsu9GKIC31wZGYZYNFzMghnC3t802ejmm9QMGdAoGBAI/6K11qHZHaJMZ9bh8i\n8rhXg68gtgmwbXHmMU20KQJAeso6l2AdjyruYbRICnib3uzo2EEFwB/6ZkYdyfM+\nLIXGc1XYjefsczPzHgYBmc/FIiEIZsTsjZEX3iBilS2q6SbuQzshup3oRUcaFgHH\n5rv407WsOyZKf7Qh/0q1iKhhAoGAPtzxpspCJBsvXNGcSauinFjt/4gwb1JWRCky\n95gauEE26nvfVeRJ6MGN5HIaxlpQo7ctATVA5qWHxznWMiZhTLUY22s2vPnsomjy\n0BYPhqyG7jt0JDsbrgLnvmk+5cwi74W23V+XK2grDT0doT3T0V2suL29jPCjGvay\nDCOR/wkCgYAOudav3A19JBAHwUpTy+RZEpAwXEPivrmk4yZBnB+nawiluN1JVZgR\nOZf2KuuSS2Q5Ryd8xc8cIajwXZ7ZKcaTpnPsrr5Sz0sRF1ctT0kvArfewIPUq5Ka\nkUzJVxAao7TRdJ/gOxe/cn8fbgBQxPxnQD/Mz9dKWeFOGKCNbpg97w==\n-----END RSA PRIVATE KEY-----\n",
      "type": "string",
      "sensitive": true
    }
  },
  "resources": [
    {
      "mode": "data",
      "type": "aws_caller_identity",
      "name": "current",
      "provider": "provider[\"registry.terraform.io/hashicorp/aws\"]",
      "instances": [
        {
          "schema_version": 0,
          "attributes": {
            "account_id": "108782086806",
            "arn": "arn:aws:iam::108782086806:user/cicd",
            "id": "108782086806",
            "user_id": "AIDARSU7K5KLPEJIHOPTE"
          },
          "sensitive_attributes": []
        }
      ]
    },
    {
      "mode": "managed",
      "type": "aws_codedeploy_app",
      "name": "istory-app",
      "provider": "provider[\"registry.terraform.io/hashicorp/aws\"]",
      "instances": [
        {
          "schema_version": 0,
          "attributes": {
            "application_id": "f630af04-9fcb-40d3-9966-df1f7e16684d",
            "arn": "arn:aws:codedeploy:ap-northeast-2:108782086806:application:istory-app",
            "compute_platform": "Server",
            "github_account_name": "",
            "id": "f630af04-9fcb-40d3-9966-df1f7e16684d:istory-app",
            "linked_to_github": false,
            "name": "istory-app",
            "tags": null,
            "tags_all": {}
          },
          "sensitive_attributes": [],
          "private": "bnVsbA=="
        }
      ]
    },
    {
      "mode": "managed",
      "type": "aws_codedeploy_deployment_group",
      "name": "istory-deploy_group",
      "provider": "provider[\"registry.terraform.io/hashicorp/aws\"]",
      "instances": [
        {
          "schema_version": 0,
          "attributes": {
            "alarm_configuration": [],
            "app_name": "istory-app",
            "arn": "arn:aws:codedeploy:ap-northeast-2:108782086806:deploymentgroup:istory-app/istory-deploy-group",
            "auto_rollback_configuration": [
              {
                "enabled": true,
                "events": [
                  "DEPLOYMENT_FAILURE"
                ]
              }
            ],
            "autoscaling_groups": null,
            "blue_green_deployment_config": [],
            "compute_platform": "Server",
            "deployment_config_name": "CodeDeployDefault.OneAtATime",
            "deployment_group_id": "d6905dd4-91c2-4c08-8ab2-d6fcb42785dd",
            "deployment_group_name": "istory-deploy-group",
            "deployment_style": [
              {
                "deployment_option": "WITHOUT_TRAFFIC_CONTROL",
                "deployment_type": "IN_PLACE"
              }
            ],
            "ec2_tag_filter": [],
            "ec2_tag_set": [
              {
                "ec2_tag_filter": [
                  {
                    "key": "Environment",
                    "type": "KEY_AND_VALUE",
                    "value": "Development"
                  }
                ]
              }
            ],
            "ecs_service": [],
            "id": "d6905dd4-91c2-4c08-8ab2-d6fcb42785dd",
            "load_balancer_info": [],
            "on_premises_instance_tag_filter": [],
            "outdated_instances_strategy": "UPDATE",
            "service_role_arn": "arn:aws:iam::108782086806:role/CodeDeployServiceRole",
            "tags": null,
            "tags_all": {},
            "termination_hook_enabled": false,
            "trigger_configuration": []
          },
          "sensitive_attributes": [],
          "private": "bnVsbA==",
          "dependencies": [
            "aws_codedeploy_app.istory-app",
            "aws_iam_role.codedeploy_service_role"
          ]
        }
      ]
    },
    {
      "mode": "managed",
      "type": "aws_db_instance",
      "name": "istory_db",
      "provider": "provider[\"registry.terraform.io/hashicorp/aws\"]",
      "instances": [
        {
          "schema_version": 2,
          "attributes": {
            "address": "istory-db.criqsqg84fvk.ap-northeast-2.rds.amazonaws.com",
            "allocated_storage": 20,
            "allow_major_version_upgrade": null,
            "apply_immediately": false,
            "arn": "arn:aws:rds:ap-northeast-2:108782086806:db:istory-db",
            "auto_minor_version_upgrade": true,
            "availability_zone": "ap-northeast-2c",
            "backup_retention_period": 7,
            "backup_target": "region",
            "backup_window": "03:00-04:00",
            "blue_green_update": [],
            "ca_cert_identifier": "rds-ca-rsa2048-g1",
            "character_set_name": "",
            "copy_tags_to_snapshot": false,
            "custom_iam_instance_profile": "",
            "customer_owned_ip_enabled": false,
            "database_insights_mode": "standard",
            "db_name": "istory",
            "db_subnet_group_name": "istory-db-subnet-group",
            "dedicated_log_volume": false,
            "delete_automated_backups": true,
            "deletion_protection": false,
            "domain": "",
            "domain_auth_secret_arn": "",
            "domain_dns_ips": null,
            "domain_fqdn": "",
            "domain_iam_role_name": "",
            "domain_ou": "",
            "enabled_cloudwatch_logs_exports": null,
            "endpoint": "istory-db.criqsqg84fvk.ap-northeast-2.rds.amazonaws.com:3306",
            "engine": "mysql",
            "engine_lifecycle_support": "open-source-rds-extended-support",
            "engine_version": "8.0",
            "engine_version_actual": "8.0.40",
            "final_snapshot_identifier": null,
            "hosted_zone_id": "ZLA2NUCOLGUUR",
            "iam_database_authentication_enabled": false,
            "id": "db-AVKHPCFW6BOJJVKTUNG6IY4XBU",
            "identifier": "istory-db",
            "identifier_prefix": "",
            "instance_class": "db.t3.micro",
            "iops": 0,
            "kms_key_id": "",
            "latest_restorable_time": "2025-03-22T06:12:56Z",
            "license_model": "general-public-license",
            "listener_endpoint": [],
            "maintenance_window": "mon:04:00-mon:05:00",
            "manage_master_user_password": null,
            "master_user_secret": [],
            "master_user_secret_kms_key_id": null,
            "max_allocated_storage": 0,
            "monitoring_interval": 0,
            "monitoring_role_arn": "",
            "multi_az": false,
            "nchar_character_set_name": "",
            "network_type": "IPV4",
            "option_group_name": "default:mysql-8-0",
            "parameter_group_name": "istory-db-parameter-group",
            "password": "user12345",
            "password_wo": null,
            "password_wo_version": null,
            "performance_insights_enabled": false,
            "performance_insights_kms_key_id": "",
            "performance_insights_retention_period": 0,
            "port": 3306,
            "publicly_accessible": false,
            "replica_mode": "",
            "replicas": [],
            "replicate_source_db": "",
            "resource_id": "db-AVKHPCFW6BOJJVKTUNG6IY4XBU",
            "restore_to_point_in_time": [],
            "s3_import": [],
            "skip_final_snapshot": true,
            "snapshot_identifier": null,
            "status": "available",
            "storage_encrypted": false,
            "storage_throughput": 0,
            "storage_type": "gp2",
            "tags": {
              "Environment": "Development",
              "Name": "istory"
            },
            "tags_all": {
              "Environment": "Development",
              "Name": "istory"
            },
            "timeouts": null,
            "timezone": "",
            "upgrade_storage_config": null,
            "username": "user",
            "vpc_security_group_ids": [
              "sg-06dd68e402069034c"
            ]
          },
          "sensitive_attributes": [
            [
              {
                "type": "get_attr",
                "value": "password"
              }
            ],
            [
              {
                "type": "get_attr",
                "value": "password_wo"
              }
            ]
          ],
          "private": "eyJlMmJmYjczMC1lY2FhLTExZTYtOGY4OC0zNDM2M2JjN2M0YzAiOnsiY3JlYXRlIjozMDAwMDAwMDAwMDAwLCJkZWxldGUiOjM2MDAwMDAwMDAwMDAsInVwZGF0ZSI6NDgwMDAwMDAwMDAwMH0sInNjaGVtYV92ZXJzaW9uIjoiMiJ9",
          "dependencies": [
            "aws_db_parameter_group.istory_db_parameter_group",
            "aws_db_subnet_group.istory_db_subnet_group",
            "aws_security_group.istory_nginx_sg",
            "aws_security_group.istory_rds_sg",
            "aws_subnet.dangtong-vpc-public-subnet",
            "aws_vpc.dangtong-vpc"
          ]
        }
      ]
    },
    {
      "mode": "managed",
      "type": "aws_db_parameter_group",
      "name": "istory_db_parameter_group",
      "provider": "provider[\"registry.terraform.io/hashicorp/aws\"]",
      "instances": [
        {
          "schema_version": 0,
          "attributes": {
            "arn": "arn:aws:rds:ap-northeast-2:108782086806:pg:istory-db-parameter-group",
            "description": "Managed by Terraform",
            "family": "mysql8.0",
            "id": "istory-db-parameter-group",
            "name": "istory-db-parameter-group",
            "name_prefix": "",
            "parameter": [
              {
                "apply_method": "immediate",
                "name": "character_set_client",
                "value": "utf8mb4"
              },
              {
                "apply_method": "immediate",
                "name": "character_set_server",
                "value": "utf8mb4"
              }
            ],
            "skip_destroy": false,
            "tags": null,
            "tags_all": {}
          },
          "sensitive_attributes": [],
          "private": "bnVsbA=="
        }
      ]
    },
    {
      "mode": "managed",
      "type": "aws_db_subnet_group",
      "name": "istory_db_subnet_group",
      "provider": "provider[\"registry.terraform.io/hashicorp/aws\"]",
      "instances": [
        {
          "schema_version": 0,
          "attributes": {
            "arn": "arn:aws:rds:ap-northeast-2:108782086806:subgrp:istory-db-subnet-group",
            "description": "Managed by Terraform",
            "id": "istory-db-subnet-group",
            "name": "istory-db-subnet-group",
            "name_prefix": "",
            "subnet_ids": [
              "subnet-0afc7647eb2f0eab5",
              "subnet-0b98cf632c2c8c5a1",
              "subnet-0ba39bc0b167a78e3",
              "subnet-0cfd501d23d01a2c7"
            ],
            "supported_network_types": [
              "IPV4"
            ],
            "tags": {
              "Name": "istory DB subnet group"
            },
            "tags_all": {
              "Name": "istory DB subnet group"
            },
            "vpc_id": "vpc-003c2f8571a3d13bb"
          },
          "sensitive_attributes": [],
          "private": "bnVsbA==",
          "dependencies": [
            "aws_subnet.dangtong-vpc-public-subnet",
            "aws_vpc.dangtong-vpc"
          ]
        }
      ]
    },
    {
      "mode": "managed",
      "type": "aws_iam_instance_profile",
      "name": "ec2_profile",
      "provider": "provider[\"registry.terraform.io/hashicorp/aws\"]",
      "instances": [
        {
          "schema_version": 0,
          "attributes": {
            "arn": "arn:aws:iam::108782086806:instance-profile/EC2CodeDeployProfile",
            "create_date": "2025-03-22T06:08:15Z",
            "id": "EC2CodeDeployProfile",
            "name": "EC2CodeDeployProfile",
            "name_prefix": "",
            "path": "/",
            "role": "EC2CodeDeployRole",
            "tags": null,
            "tags_all": {},
            "unique_id": "AIPARSU7K5KLIVFET6PKW"
          },
          "sensitive_attributes": [],
          "private": "bnVsbA==",
          "dependencies": [
            "aws_iam_role.ec2_codedeploy_role"
          ]
        }
      ]
    },
    {
      "mode": "managed",
      "type": "aws_iam_role",
      "name": "codedeploy_service_role",
      "provider": "provider[\"registry.terraform.io/hashicorp/aws\"]",
      "instances": [
        {
          "schema_version": 0,
          "attributes": {
            "arn": "arn:aws:iam::108782086806:role/CodeDeployServiceRole",
            "assume_role_policy": "{\"Statement\":[{\"Action\":\"sts:AssumeRole\",\"Effect\":\"Allow\",\"Principal\":{\"Service\":\"codedeploy.amazonaws.com\"}}],\"Version\":\"2012-10-17\"}",
            "create_date": "2025-03-22T06:08:14Z",
            "description": "",
            "force_detach_policies": false,
            "id": "CodeDeployServiceRole",
            "inline_policy": [],
            "managed_policy_arns": [],
            "max_session_duration": 3600,
            "name": "CodeDeployServiceRole",
            "name_prefix": "",
            "path": "/",
            "permissions_boundary": "",
            "tags": {
              "Name": "codedeploy-service-role"
            },
            "tags_all": {
              "Name": "codedeploy-service-role"
            },
            "unique_id": "AROARSU7K5KLOSQEVGKYW"
          },
          "sensitive_attributes": [],
          "private": "bnVsbA=="
        }
      ]
    },
    {
      "mode": "managed",
      "type": "aws_iam_role",
      "name": "ec2_codedeploy_role",
      "provider": "provider[\"registry.terraform.io/hashicorp/aws\"]",
      "instances": [
        {
          "schema_version": 0,
          "attributes": {
            "arn": "arn:aws:iam::108782086806:role/EC2CodeDeployRole",
            "assume_role_policy": "{\"Statement\":[{\"Action\":\"sts:AssumeRole\",\"Effect\":\"Allow\",\"Principal\":{\"Service\":\"ec2.amazonaws.com\"}}],\"Version\":\"2012-10-17\"}",
            "create_date": "2025-03-22T06:08:14Z",
            "description": "",
            "force_detach_policies": false,
            "id": "EC2CodeDeployRole",
            "inline_policy": [],
            "managed_policy_arns": [],
            "max_session_duration": 3600,
            "name": "EC2CodeDeployRole",
            "name_prefix": "",
            "path": "/",
            "permissions_boundary": "",
            "tags": {
              "Name": "ec2-codedeploy-role"
            },
            "tags_all": {
              "Name": "ec2-codedeploy-role"
            },
            "unique_id": "AROARSU7K5KLOQYLYPONH"
          },
          "sensitive_attributes": [],
          "private": "bnVsbA=="
        }
      ]
    },
    {
      "mode": "managed",
      "type": "aws_iam_role_policy_attachment",
      "name": "codedeploy_service",
      "provider": "provider[\"registry.terraform.io/hashicorp/aws\"]",
      "instances": [
        {
          "schema_version": 0,
          "attributes": {
            "id": "CodeDeployServiceRole-20250322060806609200000002",
            "policy_arn": "arn:aws:iam::aws:policy/service-role/AWSCodeDeployRole",
            "role": "CodeDeployServiceRole"
          },
          "sensitive_attributes": [],
          "private": "bnVsbA==",
          "dependencies": [
            "aws_iam_role.codedeploy_service_role"
          ]
        }
      ]
    },
    {
      "mode": "managed",
      "type": "aws_iam_role_policy_attachment",
      "name": "ec2_codedeploy",
      "provider": "provider[\"registry.terraform.io/hashicorp/aws\"]",
      "instances": [
        {
          "schema_version": 0,
          "attributes": {
            "id": "EC2CodeDeployRole-20250322060806598100000001",
            "policy_arn": "arn:aws:iam::aws:policy/service-role/AWSCodeDeployRole",
            "role": "EC2CodeDeployRole"
          },
          "sensitive_attributes": [],
          "private": "bnVsbA==",
          "dependencies": [
            "aws_iam_role.ec2_codedeploy_role"
          ]
        }
      ]
    },
    {
      "mode": "managed",
      "type": "aws_iam_role_policy_attachment",
      "name": "ec2_codedeploy_s3",
      "provider": "provider[\"registry.terraform.io/hashicorp/aws\"]",
      "instances": [
        {
          "schema_version": 0,
          "attributes": {
            "id": "EC2CodeDeployRole-20250322060806878700000003",
            "policy_arn": "arn:aws:iam::aws:policy/AmazonS3ReadOnlyAccess",
            "role": "EC2CodeDeployRole"
          },
          "sensitive_attributes": [],
          "private": "bnVsbA==",
          "dependencies": [
            "aws_iam_role.ec2_codedeploy_role"
          ]
        }
      ]
    },
    {
      "mode": "managed",
      "type": "aws_instance",
      "name": "dev_istory_nginx_instance",
      "provider": "provider[\"registry.terraform.io/hashicorp/aws\"]",
      "instances": [
        {
          "schema_version": 1,
          "attributes": {
            "ami": "ami-08b09b6acd8d62254",
            "arn": "arn:aws:ec2:ap-northeast-2:108782086806:instance/i-0da909a18843f6001",
            "associate_public_ip_address": true,
            "availability_zone": "ap-northeast-2a",
            "capacity_reservation_specification": [
              {
                "capacity_reservation_preference": "open",
                "capacity_reservation_target": []
              }
            ],
            "cpu_core_count": 1,
            "cpu_options": [
              {
                "amd_sev_snp": "",
                "core_count": 1,
                "threads_per_core": 1
              }
            ],
            "cpu_threads_per_core": 1,
            "credit_specification": [
              {
                "cpu_credits": "standard"
              }
            ],
            "disable_api_stop": false,
            "disable_api_termination": false,
            "ebs_block_device": [],
            "ebs_optimized": false,
            "enable_primary_ipv6": null,
            "enclave_options": [
              {
                "enabled": false
              }
            ],
            "ephemeral_block_device": [],
            "get_password_data": false,
            "hibernation": false,
            "host_id": "",
            "host_resource_group_arn": null,
            "iam_instance_profile": "EC2CodeDeployProfile",
            "id": "i-0da909a18843f6001",
            "instance_initiated_shutdown_behavior": "stop",
            "instance_lifecycle": "",
            "instance_market_options": [],
            "instance_state": "running",
            "instance_type": "t2.micro",
            "ipv6_address_count": 0,
            "ipv6_addresses": [],
            "key_name": "ec2-key_pair",
            "launch_template": [],
            "maintenance_options": [
              {
                "auto_recovery": "default"
              }
            ],
            "metadata_options": [
              {
                "http_endpoint": "enabled",
                "http_protocol_ipv6": "disabled",
                "http_put_response_hop_limit": 1,
                "http_tokens": "optional",
                "instance_metadata_tags": "disabled"
              }
            ],
            "monitoring": false,
            "network_interface": [],
            "outpost_arn": "",
            "password_data": "",
            "placement_group": "",
            "placement_partition_number": 0,
            "primary_network_interface_id": "eni-0cd41135d05025639",
            "private_dns": "ip-10-0-1-83.ap-northeast-2.compute.internal",
            "private_dns_name_options": [
              {
                "enable_resource_name_dns_a_record": false,
                "enable_resource_name_dns_aaaa_record": false,
                "hostname_type": "ip-name"
              }
            ],
            "private_ip": "10.0.1.83",
            "public_dns": "ec2-13-125-149-28.ap-northeast-2.compute.amazonaws.com",
            "public_ip": "13.125.149.28",
            "root_block_device": [
              {
                "delete_on_termination": true,
                "device_name": "/dev/xvda",
                "encrypted": false,
                "iops": 100,
                "kms_key_id": "",
                "tags": {},
                "tags_all": {},
                "throughput": 0,
                "volume_id": "vol-0199ae7947ddd9e4b",
                "volume_size": 8,
                "volume_type": "gp2"
              }
            ],
            "secondary_private_ips": [],
            "security_groups": [],
            "source_dest_check": true,
            "spot_instance_request_id": "",
            "subnet_id": "subnet-0afc7647eb2f0eab5",
            "tags": {
              "Environment": "Development",
              "Name": "istory nginx-server"
            },
            "tags_all": {
              "Environment": "Development",
              "Name": "istory nginx-server"
            },
            "tenancy": "default",
            "timeouts": null,
            "user_data": "89573fc17c6928260a1ff3340398cee177fd96f0",
            "user_data_base64": null,
            "user_data_replace_on_change": false,
            "volume_tags": null,
            "vpc_security_group_ids": [
              "sg-02196751288170356"
            ]
          },
          "sensitive_attributes": [],
          "private": "eyJlMmJmYjczMC1lY2FhLTExZTYtOGY4OC0zNDM2M2JjN2M0YzAiOnsiY3JlYXRlIjo2MDAwMDAwMDAwMDAsImRlbGV0ZSI6MTIwMDAwMDAwMDAwMCwicmVhZCI6OTAwMDAwMDAwMDAwLCJ1cGRhdGUiOjYwMDAwMDAwMDAwMH0sInNjaGVtYV92ZXJzaW9uIjoiMSJ9",
          "dependencies": [
            "aws_iam_instance_profile.ec2_profile",
            "aws_iam_role.ec2_codedeploy_role",
            "aws_key_pair.ec2_key_pair",
            "aws_security_group.istory_nginx_sg",
            "aws_subnet.dangtong-vpc-public-subnet",
            "aws_vpc.dangtong-vpc",
            "tls_private_key.ec2_private_key"
          ]
        }
      ]
    },
    {
      "mode": "managed",
      "type": "aws_internet_gateway",
      "name": "dangtong-igw",
      "provider": "provider[\"registry.terraform.io/hashicorp/aws\"]",
      "instances": [
        {
          "schema_version": 0,
          "attributes": {
            "arn": "arn:aws:ec2:ap-northeast-2:108782086806:internet-gateway/igw-05b238537bfd4a194",
            "id": "igw-05b238537bfd4a194",
            "owner_id": "108782086806",
            "tags": {
              "Name": "dangtong-igw"
            },
            "tags_all": {
              "Name": "dangtong-igw"
            },
            "timeouts": null,
            "vpc_id": "vpc-003c2f8571a3d13bb"
          },
          "sensitive_attributes": [],
          "private": "eyJlMmJmYjczMC1lY2FhLTExZTYtOGY4OC0zNDM2M2JjN2M0YzAiOnsiY3JlYXRlIjoxMjAwMDAwMDAwMDAwLCJkZWxldGUiOjEyMDAwMDAwMDAwMDAsInVwZGF0ZSI6MTIwMDAwMDAwMDAwMH19",
          "dependencies": [
            "aws_vpc.dangtong-vpc"
          ]
        }
      ]
    },
    {
      "mode": "managed",
      "type": "aws_key_pair",
      "name": "ec2_key_pair",
      "provider": "provider[\"registry.terraform.io/hashicorp/aws\"]",
      "instances": [
        {
          "schema_version": 1,
          "attributes": {
            "arn": "arn:aws:ec2:ap-northeast-2:108782086806:key-pair/ec2-key_pair",
            "fingerprint": "25:00:11:de:87:3f:69:09:ed:3a:a3:c4:8b:40:4d:7e",
            "id": "ec2-key_pair",
            "key_name": "ec2-key_pair",
            "key_name_prefix": "",
            "key_pair_id": "key-0a66f3c2564564b79",
            "key_type": "rsa",
            "public_key": "ssh-rsa AAAAB3NzaC1yc2EAAAADAQABAAABAQDU0rcqyloWQnwyZPh/AyC8OcfV/bvieESJy8xvL5xX9SsVfOabezJnxlRfFp/sv1MJnZT6x7sFbqUiOCrNvi07SXHtQBaofj8QBHzaW2Ddmg65IsJJxKQ9l3VUpmPMxQCXI67mm12MpJkn4u4Vndd4v1bK3whdeEWxAP8WckVqDmBWwLgCewjDX4o3IwGeoM4ysiG2OUDIlzIFTaiCVZzXy6v7n3ip0EowQZ7jkN/9DXKtHVaiBoNmUJ4Yi1pNxa4Jnqd064y1Z7iRBYSM2ywNtnCJUCPj6p+wewro/HwufaFxwgjdKbE7RVopY7PKpM5GH0ODta3WvJdNcPSRDc2t",
            "tags": null,
            "tags_all": {}
          },
          "sensitive_attributes": [],
          "private": "eyJzY2hlbWFfdmVyc2lvbiI6IjEifQ==",
          "dependencies": [
            "tls_private_key.ec2_private_key"
          ]
        }
      ]
    },
    {
      "mode": "managed",
      "type": "aws_route_table",
      "name": "dangtong-vpc-public-rt",
      "provider": "provider[\"registry.terraform.io/hashicorp/aws\"]",
      "instances": [
        {
          "schema_version": 0,
          "attributes": {
            "arn": "arn:aws:ec2:ap-northeast-2:108782086806:route-table/rtb-03d679713346a60a5",
            "id": "rtb-03d679713346a60a5",
            "owner_id": "108782086806",
            "propagating_vgws": [],
            "route": [
              {
                "carrier_gateway_id": "",
                "cidr_block": "0.0.0.0/0",
                "core_network_arn": "",
                "destination_prefix_list_id": "",
                "egress_only_gateway_id": "",
                "gateway_id": "igw-05b238537bfd4a194",
                "ipv6_cidr_block": "",
                "local_gateway_id": "",
                "nat_gateway_id": "",
                "network_interface_id": "",
                "transit_gateway_id": "",
                "vpc_endpoint_id": "",
                "vpc_peering_connection_id": ""
              }
            ],
            "tags": {
              "Name": "dangtong-vpc-public-rt"
            },
            "tags_all": {
              "Name": "dangtong-vpc-public-rt"
            },
            "timeouts": null,
            "vpc_id": "vpc-003c2f8571a3d13bb"
          },
          "sensitive_attributes": [],
          "private": "eyJlMmJmYjczMC1lY2FhLTExZTYtOGY4OC0zNDM2M2JjN2M0YzAiOnsiY3JlYXRlIjozMDAwMDAwMDAwMDAsImRlbGV0ZSI6MzAwMDAwMDAwMDAwLCJ1cGRhdGUiOjEyMDAwMDAwMDAwMH19",
          "dependencies": [
            "aws_internet_gateway.dangtong-igw",
            "aws_vpc.dangtong-vpc"
          ]
        }
      ]
    },
    {
      "mode": "managed",
      "type": "aws_route_table_association",
      "name": "dangtong-vpc-public-rt",
      "provider": "provider[\"registry.terraform.io/hashicorp/aws\"]",
      "instances": [
        {
          "index_key": "a",
          "schema_version": 0,
          "attributes": {
            "gateway_id": "",
            "id": "rtbassoc-02036a58880dede4d",
            "route_table_id": "rtb-03d679713346a60a5",
            "subnet_id": "subnet-0afc7647eb2f0eab5",
            "timeouts": null
          },
          "sensitive_attributes": [],
          "private": "eyJlMmJmYjczMC1lY2FhLTExZTYtOGY4OC0zNDM2M2JjN2M0YzAiOnsiY3JlYXRlIjozMDAwMDAwMDAwMDAsImRlbGV0ZSI6MzAwMDAwMDAwMDAwLCJ1cGRhdGUiOjEyMDAwMDAwMDAwMH19",
          "dependencies": [
            "aws_internet_gateway.dangtong-igw",
            "aws_route_table.dangtong-vpc-public-rt",
            "aws_subnet.dangtong-vpc-public-subnet",
            "aws_vpc.dangtong-vpc"
          ]
        },
        {
          "index_key": "b",
          "schema_version": 0,
          "attributes": {
            "gateway_id": "",
            "id": "rtbassoc-005210c5c2c5368cb",
            "route_table_id": "rtb-03d679713346a60a5",
            "subnet_id": "subnet-0ba39bc0b167a78e3",
            "timeouts": null
          },
          "sensitive_attributes": [],
          "private": "eyJlMmJmYjczMC1lY2FhLTExZTYtOGY4OC0zNDM2M2JjN2M0YzAiOnsiY3JlYXRlIjozMDAwMDAwMDAwMDAsImRlbGV0ZSI6MzAwMDAwMDAwMDAwLCJ1cGRhdGUiOjEyMDAwMDAwMDAwMH19",
          "dependencies": [
            "aws_internet_gateway.dangtong-igw",
            "aws_route_table.dangtong-vpc-public-rt",
            "aws_subnet.dangtong-vpc-public-subnet",
            "aws_vpc.dangtong-vpc"
          ]
        },
        {
          "index_key": "c",
          "schema_version": 0,
          "attributes": {
            "gateway_id": "",
            "id": "rtbassoc-02cb8767c0d52a767",
            "route_table_id": "rtb-03d679713346a60a5",
            "subnet_id": "subnet-0b98cf632c2c8c5a1",
            "timeouts": null
          },
          "sensitive_attributes": [],
          "private": "eyJlMmJmYjczMC1lY2FhLTExZTYtOGY4OC0zNDM2M2JjN2M0YzAiOnsiY3JlYXRlIjozMDAwMDAwMDAwMDAsImRlbGV0ZSI6MzAwMDAwMDAwMDAwLCJ1cGRhdGUiOjEyMDAwMDAwMDAwMH19",
          "dependencies": [
            "aws_internet_gateway.dangtong-igw",
            "aws_route_table.dangtong-vpc-public-rt",
            "aws_subnet.dangtong-vpc-public-subnet",
            "aws_vpc.dangtong-vpc"
          ]
        },
        {
          "index_key": "d",
          "schema_version": 0,
          "attributes": {
            "gateway_id": "",
            "id": "rtbassoc-052a18ec796e44b93",
            "route_table_id": "rtb-03d679713346a60a5",
            "subnet_id": "subnet-0cfd501d23d01a2c7",
            "timeouts": null
          },
          "sensitive_attributes": [],
          "private": "eyJlMmJmYjczMC1lY2FhLTExZTYtOGY4OC0zNDM2M2JjN2M0YzAiOnsiY3JlYXRlIjozMDAwMDAwMDAwMDAsImRlbGV0ZSI6MzAwMDAwMDAwMDAwLCJ1cGRhdGUiOjEyMDAwMDAwMDAwMH19",
          "dependencies": [
            "aws_internet_gateway.dangtong-igw",
            "aws_route_table.dangtong-vpc-public-rt",
            "aws_subnet.dangtong-vpc-public-subnet",
            "aws_vpc.dangtong-vpc"
          ]
        }
      ]
    },
    {
      "mode": "managed",
      "type": "aws_s3_bucket",
      "name": "istory-deploy-bucket",
      "provider": "provider[\"registry.terraform.io/hashicorp/aws\"]",
      "instances": [
        {
          "schema_version": 0,
          "attributes": {
            "acceleration_status": "",
            "acl": null,
            "arn": "arn:aws:s3:::istory-deploy-bucket-108782086806",
            "bucket": "istory-deploy-bucket-108782086806",
            "bucket_domain_name": "istory-deploy-bucket-108782086806.s3.amazonaws.com",
            "bucket_prefix": "",
            "bucket_regional_domain_name": "istory-deploy-bucket-108782086806.s3.ap-northeast-2.amazonaws.com",
            "cors_rule": [],
            "force_destroy": false,
            "grant": [
              {
                "id": "1a35c564ec19e84c00b3afac68dac25cc659ebd16de347be9889f463602e40a6",
                "permissions": [
                  "FULL_CONTROL"
                ],
                "type": "CanonicalUser",
                "uri": ""
              }
            ],
            "hosted_zone_id": "Z3W03O7B5YMIYP",
            "id": "istory-deploy-bucket-108782086806",
            "lifecycle_rule": [],
            "logging": [],
            "object_lock_configuration": [],
            "object_lock_enabled": false,
            "policy": "",
            "region": "ap-northeast-2",
            "replication_configuration": [],
            "request_payer": "BucketOwner",
            "server_side_encryption_configuration": [
              {
                "rule": [
                  {
                    "apply_server_side_encryption_by_default": [
                      {
                        "kms_master_key_id": "",
                        "sse_algorithm": "AES256"
                      }
                    ],
                    "bucket_key_enabled": false
                  }
                ]
              }
            ],
            "tags": null,
            "tags_all": {},
            "timeouts": null,
            "versioning": [
              {
                "enabled": false,
                "mfa_delete": false
              }
            ],
            "website": [],
            "website_domain": null,
            "website_endpoint": null
          },
          "sensitive_attributes": [],
          "private": "eyJlMmJmYjczMC1lY2FhLTExZTYtOGY4OC0zNDM2M2JjN2M0YzAiOnsiY3JlYXRlIjoxMjAwMDAwMDAwMDAwLCJkZWxldGUiOjM2MDAwMDAwMDAwMDAsInJlYWQiOjEyMDAwMDAwMDAwMDAsInVwZGF0ZSI6MTIwMDAwMDAwMDAwMH19",
          "dependencies": [
            "data.aws_caller_identity.current"
          ]
        }
      ]
    },
    {
      "mode": "managed",
      "type": "aws_s3_bucket_versioning",
      "name": "deploy_bucket_versioning",
      "provider": "provider[\"registry.terraform.io/hashicorp/aws\"]",
      "instances": [
        {
          "schema_version": 0,
          "attributes": {
            "bucket": "istory-deploy-bucket-108782086806",
            "expected_bucket_owner": "",
            "id": "istory-deploy-bucket-108782086806",
            "mfa": null,
            "versioning_configuration": [
              {
                "mfa_delete": "",
                "status": "Enabled"
              }
            ]
          },
          "sensitive_attributes": [],
          "private": "bnVsbA==",
          "dependencies": [
            "aws_s3_bucket.istory-deploy-bucket",
            "data.aws_caller_identity.current"
          ]
        }
      ]
    },
    {
      "mode": "managed",
      "type": "aws_security_group",
      "name": "istory_nginx_sg",
      "provider": "provider[\"registry.terraform.io/hashicorp/aws\"]",
      "instances": [
        {
          "schema_version": 1,
          "attributes": {
            "arn": "arn:aws:ec2:ap-northeast-2:108782086806:security-group/sg-02196751288170356",
            "description": "Managed by Terraform",
            "egress": [
              {
                "cidr_blocks": [
                  "0.0.0.0/0"
                ],
                "description": "",
                "from_port": 0,
                "ipv6_cidr_blocks": [],
                "prefix_list_ids": [],
                "protocol": "-1",
                "security_groups": [],
                "self": false,
                "to_port": 0
              }
            ],
            "id": "sg-02196751288170356",
            "ingress": [
              {
                "cidr_blocks": [
                  "0.0.0.0/0"
                ],
                "description": "Allow HTTP",
                "from_port": 8080,
                "ipv6_cidr_blocks": [],
                "prefix_list_ids": [],
                "protocol": "tcp",
                "security_groups": [],
                "self": false,
                "to_port": 8080
              },
              {
                "cidr_blocks": [
                  "0.0.0.0/0"
                ],
                "description": "Allow SSH",
                "from_port": 22,
                "ipv6_cidr_blocks": [],
                "prefix_list_ids": [],
                "protocol": "tcp",
                "security_groups": [],
                "self": false,
                "to_port": 22
              }
            ],
            "name": "istory nginx sg20250322060816698700000004",
            "name_prefix": "istory nginx sg",
            "owner_id": "108782086806",
            "revoke_rules_on_delete": false,
            "tags": null,
            "tags_all": {},
            "timeouts": null,
            "vpc_id": "vpc-003c2f8571a3d13bb"
          },
          "sensitive_attributes": [],
          "private": "eyJlMmJmYjczMC1lY2FhLTExZTYtOGY4OC0zNDM2M2JjN2M0YzAiOnsiY3JlYXRlIjo2MDAwMDAwMDAwMDAsImRlbGV0ZSI6OTAwMDAwMDAwMDAwfSwic2NoZW1hX3ZlcnNpb24iOiIxIn0=",
          "dependencies": [
            "aws_vpc.dangtong-vpc"
          ]
        }
      ]
    },
    {
      "mode": "managed",
      "type": "aws_security_group",
      "name": "istory_rds_sg",
      "provider": "provider[\"registry.terraform.io/hashicorp/aws\"]",
      "instances": [
        {
          "schema_version": 1,
          "attributes": {
            "arn": "arn:aws:ec2:ap-northeast-2:108782086806:security-group/sg-06dd68e402069034c",
            "description": "Managed by Terraform",
            "egress": [
              {
                "cidr_blocks": [
                  "0.0.0.0/0"
                ],
                "description": "",
                "from_port": 0,
                "ipv6_cidr_blocks": [],
                "prefix_list_ids": [],
                "protocol": "-1",
                "security_groups": [],
                "self": false,
                "to_port": 0
              }
            ],
            "id": "sg-06dd68e402069034c",
            "ingress": [
              {
                "cidr_blocks": [],
                "description": "Allow MySQL from EC2",
                "from_port": 3306,
                "ipv6_cidr_blocks": [],
                "prefix_list_ids": [],
                "protocol": "tcp",
                "security_groups": [
                  "sg-02196751288170356"
                ],
                "self": false,
                "to_port": 3306
              }
            ],
            "name": "istory rds sg20250322060819228700000006",
            "name_prefix": "istory rds sg",
            "owner_id": "108782086806",
            "revoke_rules_on_delete": false,
            "tags": {
              "Name": "istory-rds-sg"
            },
            "tags_all": {
              "Name": "istory-rds-sg"
            },
            "timeouts": null,
            "vpc_id": "vpc-003c2f8571a3d13bb"
          },
          "sensitive_attributes": [],
          "private": "eyJlMmJmYjczMC1lY2FhLTExZTYtOGY4OC0zNDM2M2JjN2M0YzAiOnsiY3JlYXRlIjo2MDAwMDAwMDAwMDAsImRlbGV0ZSI6OTAwMDAwMDAwMDAwfSwic2NoZW1hX3ZlcnNpb24iOiIxIn0=",
          "dependencies": [
            "aws_security_group.istory_nginx_sg",
            "aws_vpc.dangtong-vpc"
          ]
        }
      ]
    },
    {
      "mode": "managed",
      "type": "aws_subnet",
      "name": "dangtong-vpc-public-subnet",
      "provider": "provider[\"registry.terraform.io/hashicorp/aws\"]",
      "instances": [
        {
          "index_key": "a",
          "schema_version": 1,
          "attributes": {
            "arn": "arn:aws:ec2:ap-northeast-2:108782086806:subnet/subnet-0afc7647eb2f0eab5",
            "assign_ipv6_address_on_creation": false,
            "availability_zone": "ap-northeast-2a",
            "availability_zone_id": "apne2-az1",
            "cidr_block": "10.0.1.0/24",
            "customer_owned_ipv4_pool": "",
            "enable_dns64": false,
            "enable_lni_at_device_index": 0,
            "enable_resource_name_dns_a_record_on_launch": false,
            "enable_resource_name_dns_aaaa_record_on_launch": false,
            "id": "subnet-0afc7647eb2f0eab5",
            "ipv6_cidr_block": "",
            "ipv6_cidr_block_association_id": "",
            "ipv6_native": false,
            "map_customer_owned_ip_on_launch": false,
            "map_public_ip_on_launch": true,
            "outpost_arn": "",
            "owner_id": "108782086806",
            "private_dns_hostname_type_on_launch": "ip-name",
            "tags": {
              "Name": "dangtong-vpc-public-subnet-a"
            },
            "tags_all": {
              "Name": "dangtong-vpc-public-subnet-a"
            },
            "timeouts": null,
            "vpc_id": "vpc-003c2f8571a3d13bb"
          },
          "sensitive_attributes": [],
          "private": "eyJlMmJmYjczMC1lY2FhLTExZTYtOGY4OC0zNDM2M2JjN2M0YzAiOnsiY3JlYXRlIjo2MDAwMDAwMDAwMDAsImRlbGV0ZSI6MTIwMDAwMDAwMDAwMH0sInNjaGVtYV92ZXJzaW9uIjoiMSJ9",
          "dependencies": [
            "aws_vpc.dangtong-vpc"
          ]
        },
        {
          "index_key": "b",
          "schema_version": 1,
          "attributes": {
            "arn": "arn:aws:ec2:ap-northeast-2:108782086806:subnet/subnet-0ba39bc0b167a78e3",
            "assign_ipv6_address_on_creation": false,
            "availability_zone": "ap-northeast-2b",
            "availability_zone_id": "apne2-az2",
            "cidr_block": "10.0.2.0/24",
            "customer_owned_ipv4_pool": "",
            "enable_dns64": false,
            "enable_lni_at_device_index": 0,
            "enable_resource_name_dns_a_record_on_launch": false,
            "enable_resource_name_dns_aaaa_record_on_launch": false,
            "id": "subnet-0ba39bc0b167a78e3",
            "ipv6_cidr_block": "",
            "ipv6_cidr_block_association_id": "",
            "ipv6_native": false,
            "map_customer_owned_ip_on_launch": false,
            "map_public_ip_on_launch": true,
            "outpost_arn": "",
            "owner_id": "108782086806",
            "private_dns_hostname_type_on_launch": "ip-name",
            "tags": {
              "Name": "dangtong-vpc-public-subnet-b"
            },
            "tags_all": {
              "Name": "dangtong-vpc-public-subnet-b"
            },
            "timeouts": null,
            "vpc_id": "vpc-003c2f8571a3d13bb"
          },
          "sensitive_attributes": [],
          "private": "eyJlMmJmYjczMC1lY2FhLTExZTYtOGY4OC0zNDM2M2JjN2M0YzAiOnsiY3JlYXRlIjo2MDAwMDAwMDAwMDAsImRlbGV0ZSI6MTIwMDAwMDAwMDAwMH0sInNjaGVtYV92ZXJzaW9uIjoiMSJ9",
          "dependencies": [
            "aws_vpc.dangtong-vpc"
          ]
        },
        {
          "index_key": "c",
          "schema_version": 1,
          "attributes": {
            "arn": "arn:aws:ec2:ap-northeast-2:108782086806:subnet/subnet-0b98cf632c2c8c5a1",
            "assign_ipv6_address_on_creation": false,
            "availability_zone": "ap-northeast-2c",
            "availability_zone_id": "apne2-az3",
            "cidr_block": "10.0.3.0/24",
            "customer_owned_ipv4_pool": "",
            "enable_dns64": false,
            "enable_lni_at_device_index": 0,
            "enable_resource_name_dns_a_record_on_launch": false,
            "enable_resource_name_dns_aaaa_record_on_launch": false,
            "id": "subnet-0b98cf632c2c8c5a1",
            "ipv6_cidr_block": "",
            "ipv6_cidr_block_association_id": "",
            "ipv6_native": false,
            "map_customer_owned_ip_on_launch": false,
            "map_public_ip_on_launch": true,
            "outpost_arn": "",
            "owner_id": "108782086806",
            "private_dns_hostname_type_on_launch": "ip-name",
            "tags": {
              "Name": "dangtong-vpc-public-subnet-c"
            },
            "tags_all": {
              "Name": "dangtong-vpc-public-subnet-c"
            },
            "timeouts": null,
            "vpc_id": "vpc-003c2f8571a3d13bb"
          },
          "sensitive_attributes": [],
          "private": "eyJlMmJmYjczMC1lY2FhLTExZTYtOGY4OC0zNDM2M2JjN2M0YzAiOnsiY3JlYXRlIjo2MDAwMDAwMDAwMDAsImRlbGV0ZSI6MTIwMDAwMDAwMDAwMH0sInNjaGVtYV92ZXJzaW9uIjoiMSJ9",
          "dependencies": [
            "aws_vpc.dangtong-vpc"
          ]
        },
        {
          "index_key": "d",
          "schema_version": 1,
          "attributes": {
            "arn": "arn:aws:ec2:ap-northeast-2:108782086806:subnet/subnet-0cfd501d23d01a2c7",
            "assign_ipv6_address_on_creation": false,
            "availability_zone": "ap-northeast-2d",
            "availability_zone_id": "apne2-az4",
            "cidr_block": "10.0.4.0/24",
            "customer_owned_ipv4_pool": "",
            "enable_dns64": false,
            "enable_lni_at_device_index": 0,
            "enable_resource_name_dns_a_record_on_launch": false,
            "enable_resource_name_dns_aaaa_record_on_launch": false,
            "id": "subnet-0cfd501d23d01a2c7",
            "ipv6_cidr_block": "",
            "ipv6_cidr_block_association_id": "",
            "ipv6_native": false,
            "map_customer_owned_ip_on_launch": false,
            "map_public_ip_on_launch": true,
            "outpost_arn": "",
            "owner_id": "108782086806",
            "private_dns_hostname_type_on_launch": "ip-name",
            "tags": {
              "Name": "dangtong-vpc-public-subnet-d"
            },
            "tags_all": {
              "Name": "dangtong-vpc-public-subnet-d"
            },
            "timeouts": null,
            "vpc_id": "vpc-003c2f8571a3d13bb"
          },
          "sensitive_attributes": [],
          "private": "eyJlMmJmYjczMC1lY2FhLTExZTYtOGY4OC0zNDM2M2JjN2M0YzAiOnsiY3JlYXRlIjo2MDAwMDAwMDAwMDAsImRlbGV0ZSI6MTIwMDAwMDAwMDAwMH0sInNjaGVtYV92ZXJzaW9uIjoiMSJ9",
          "dependencies": [
            "aws_vpc.dangtong-vpc"
          ]
        }
      ]
    },
    {
      "mode": "managed",
      "type": "aws_vpc",
      "name": "dangtong-vpc",
      "provider": "provider[\"registry.terraform.io/hashicorp/aws\"]",
      "instances": [
        {
          "schema_version": 1,
          "attributes": {
            "arn": "arn:aws:ec2:ap-northeast-2:108782086806:vpc/vpc-003c2f8571a3d13bb",
            "assign_generated_ipv6_cidr_block": false,
            "cidr_block": "10.0.0.0/16",
            "default_network_acl_id": "acl-0b7c79864a7281355",
            "default_route_table_id": "rtb-0d2e65755ae6ad26f",
            "default_security_group_id": "sg-0dd1a870da64f5b77",
            "dhcp_options_id": "dopt-0b319ed4d9ce2685d",
            "enable_dns_hostnames": true,
            "enable_dns_support": true,
            "enable_network_address_usage_metrics": false,
            "id": "vpc-003c2f8571a3d13bb",
            "instance_tenancy": "default",
            "ipv4_ipam_pool_id": null,
            "ipv4_netmask_length": null,
            "ipv6_association_id": "",
            "ipv6_cidr_block": "",
            "ipv6_cidr_block_network_border_group": "",
            "ipv6_ipam_pool_id": "",
            "ipv6_netmask_length": 0,
            "main_route_table_id": "rtb-0d2e65755ae6ad26f",
            "owner_id": "108782086806",
            "tags": {
              "Name": "dangtong-vpc"
            },
            "tags_all": {
              "Name": "dangtong-vpc"
            }
          },
          "sensitive_attributes": [],
          "private": "eyJzY2hlbWFfdmVyc2lvbiI6IjEifQ=="
        }
      ]
    },
    {
      "mode": "managed",
      "type": "tls_private_key",
      "name": "ec2_private_key",
      "provider": "provider[\"registry.terraform.io/hashicorp/tls\"]",
      "instances": [
        {
          "schema_version": 1,
          "attributes": {
            "algorithm": "RSA",
            "ecdsa_curve": "P224",
            "id": "6eab17ef9d557b26ce87f507200d7944764d26b3",
            "private_key_openssh": "-----BEGIN OPENSSH PRIVATE KEY-----\nb3BlbnNzaC1rZXktdjEAAAAABG5vbmUAAAAEbm9uZQAAAAAAAAABAAABFwAAAAdz\nc2gtcnNhAAAAAwEAAQAAAQEA1NK3KspaFkJ8MmT4fwMgvDnH1f274nhEicvMby+c\nV/UrFXzmm3syZ8ZUXxaf7L9TCZ2U+se7BW6lIjgqzb4tO0lx7UAWqH4/EAR82ltg\n3ZoOuSLCScSkPZd1VKZjzMUAlyOu5ptdjKSZJ+LuFZ3XeL9Wyt8IXXhFsQD/FnJF\nag5gVsC4AnsIw1+KNyMBnqDOMrIhtjlAyJcyBU2oglWc18ur+594qdBKMEGe45Df\n/Q1yrR1WogaDZlCeGItaTcWuCZ6ndOuMtWe4kQWEjNssDbZwiVAj4+qfsHsK6Px8\nLn2hccII3SmxO0VaKWOzyqTORh9Dg7Wt1ryXTXD0kQ3NrQAAA7gVjYYeFY2GHgAA\nAAdzc2gtcnNhAAABAQDU0rcqyloWQnwyZPh/AyC8OcfV/bvieESJy8xvL5xX9SsV\nfOabezJnxlRfFp/sv1MJnZT6x7sFbqUiOCrNvi07SXHtQBaofj8QBHzaW2Ddmg65\nIsJJxKQ9l3VUpmPMxQCXI67mm12MpJkn4u4Vndd4v1bK3whdeEWxAP8WckVqDmBW\nwLgCewjDX4o3IwGeoM4ysiG2OUDIlzIFTaiCVZzXy6v7n3ip0EowQZ7jkN/9DXKt\nHVaiBoNmUJ4Yi1pNxa4Jnqd064y1Z7iRBYSM2ywNtnCJUCPj6p+wewro/HwufaFx\nwgjdKbE7RVopY7PKpM5GH0ODta3WvJdNcPSRDc2tAAAAAwEAAQAAAQEApT1Fwg+C\niq3sSCRlXBhNnlcudVOgQWIntOVrQRiyRwiv/usPEcFBjZlLgNjMKsER8/FJ7ryM\n1Nbnl/4MHdp+u/12W0LbVM9Qn1scpV01hFlM/SmjuCrZaojiLGtUKXT71F18Osh+\nheh2kaV8PYRj+/hzpugsUoZDdf7UD9WBV6mOvjCHa2DKxpNsAKRGzsghpFGtDcAL\nWnJFpSCD+wHm4JB9HlLAn4YS2Je9ydYbt6GVqaE+FbDT4u6yECzB0Sx0XukqVTt6\n+lT+iImKA+jBLFbvjExEXJfElPzkf14Hqb03718/mvDTw5fGsYVYLb9EkMd/kduq\nhydy+oNlYZojAQAAAIAOudav3A19JBAHwUpTy+RZEpAwXEPivrmk4yZBnB+nawil\nuN1JVZgROZf2KuuSS2Q5Ryd8xc8cIajwXZ7ZKcaTpnPsrr5Sz0sRF1ctT0kvArfe\nwIPUq5KakUzJVxAao7TRdJ/gOxe/cn8fbgBQxPxnQD/Mz9dKWeFOGKCNbpg97wAA\nAIEA29D6VPr481339vLAj50PfVXp+UZ2dFTrLTDvDOcBE3BT17eV9O/Vfkkkq0oT\nBC0578Dc3FxTYjC5sMEI/NDrtgT+CKKFzjqI9DeweV89cl3VQ8Z15juIeO35D0iK\nXEupOfnh1Oxv+SWgXI26rTLftiRsuOA98VCtdydqvlH2R1EAAACBAPfbC3w5rT05\nn5aMC6HdwHwgkElIO0Gu1DTZVFGcyjGHjJvnYs+aeMMYWBCClz9grHbFlCKoJx4h\nrHmiIr68/vguqL6LsSX9YDOWfUJU0wI/2Pwf8rA9mo27RpbDTu6kroWhqGIsu9GK\nIC31wZGYZYNFzMghnC3t802ejmm9QMGdAAAAAAEC\n-----END OPENSSH PRIVATE KEY-----\n",
            "private_key_pem": "-----BEGIN RSA PRIVATE KEY-----\nMIIEpAIBAAKCAQEA1NK3KspaFkJ8MmT4fwMgvDnH1f274nhEicvMby+cV/UrFXzm\nm3syZ8ZUXxaf7L9TCZ2U+se7BW6lIjgqzb4tO0lx7UAWqH4/EAR82ltg3ZoOuSLC\nScSkPZd1VKZjzMUAlyOu5ptdjKSZJ+LuFZ3XeL9Wyt8IXXhFsQD/FnJFag5gVsC4\nAnsIw1+KNyMBnqDOMrIhtjlAyJcyBU2oglWc18ur+594qdBKMEGe45Df/Q1yrR1W\nogaDZlCeGItaTcWuCZ6ndOuMtWe4kQWEjNssDbZwiVAj4+qfsHsK6Px8Ln2hccII\n3SmxO0VaKWOzyqTORh9Dg7Wt1ryXTXD0kQ3NrQIDAQABAoIBAQClPUXCD4KKrexI\nJGVcGE2eVy51U6BBYie05WtBGLJHCK/+6w8RwUGNmUuA2MwqwRHz8UnuvIzU1ueX\n/gwd2n67/XZbQttUz1CfWxylXTWEWUz9KaO4KtlqiOIsa1QpdPvUXXw6yH6F6HaR\npXw9hGP7+HOm6CxShkN1/tQP1YFXqY6+MIdrYMrGk2wApEbOyCGkUa0NwAtackWl\nIIP7AebgkH0eUsCfhhLYl73J1hu3oZWpoT4VsNPi7rIQLMHRLHRe6SpVO3r6VP6I\niYoD6MEsVu+MTERcl8SU/OR/XgepvTfvXz+a8NPDl8axhVgtv0SQx3+R26qHJ3L6\ng2VhmiMBAoGBANvQ+lT6+PNd9/bywI+dD31V6flGdnRU6y0w7wznARNwU9e3lfTv\n1X5JJKtKEwQtOe/A3NxcU2IwubDBCPzQ67YE/giihc46iPQ3sHlfPXJd1UPGdeY7\niHjt+Q9IilxLqTn54dTsb/kloFyNuq0y37YkbLjgPfFQrXcnar5R9kdRAoGBAPfb\nC3w5rT05n5aMC6HdwHwgkElIO0Gu1DTZVFGcyjGHjJvnYs+aeMMYWBCClz9grHbF\nlCKoJx4hrHmiIr68/vguqL6LsSX9YDOWfUJU0wI/2Pwf8rA9mo27RpbDTu6kroWh\nqGIsu9GKIC31wZGYZYNFzMghnC3t802ejmm9QMGdAoGBAI/6K11qHZHaJMZ9bh8i\n8rhXg68gtgmwbXHmMU20KQJAeso6l2AdjyruYbRICnib3uzo2EEFwB/6ZkYdyfM+\nLIXGc1XYjefsczPzHgYBmc/FIiEIZsTsjZEX3iBilS2q6SbuQzshup3oRUcaFgHH\n5rv407WsOyZKf7Qh/0q1iKhhAoGAPtzxpspCJBsvXNGcSauinFjt/4gwb1JWRCky\n95gauEE26nvfVeRJ6MGN5HIaxlpQo7ctATVA5qWHxznWMiZhTLUY22s2vPnsomjy\n0BYPhqyG7jt0JDsbrgLnvmk+5cwi74W23V+XK2grDT0doT3T0V2suL29jPCjGvay\nDCOR/wkCgYAOudav3A19JBAHwUpTy+RZEpAwXEPivrmk4yZBnB+nawiluN1JVZgR\nOZf2KuuSS2Q5Ryd8xc8cIajwXZ7ZKcaTpnPsrr5Sz0sRF1ctT0kvArfewIPUq5Ka\nkUzJVxAao7TRdJ/gOxe/cn8fbgBQxPxnQD/Mz9dKWeFOGKCNbpg97w==\n-----END RSA PRIVATE KEY-----\n",
            "private_key_pem_pkcs8": "-----BEGIN PRIVATE KEY-----\nMIIEvgIBADANBgkqhkiG9w0BAQEFAASCBKgwggSkAgEAAoIBAQDU0rcqyloWQnwy\nZPh/AyC8OcfV/bvieESJy8xvL5xX9SsVfOabezJnxlRfFp/sv1MJnZT6x7sFbqUi\nOCrNvi07SXHtQBaofj8QBHzaW2Ddmg65IsJJxKQ9l3VUpmPMxQCXI67mm12MpJkn\n4u4Vndd4v1bK3whdeEWxAP8WckVqDmBWwLgCewjDX4o3IwGeoM4ysiG2OUDIlzIF\nTaiCVZzXy6v7n3ip0EowQZ7jkN/9DXKtHVaiBoNmUJ4Yi1pNxa4Jnqd064y1Z7iR\nBYSM2ywNtnCJUCPj6p+wewro/HwufaFxwgjdKbE7RVopY7PKpM5GH0ODta3WvJdN\ncPSRDc2tAgMBAAECggEBAKU9RcIPgoqt7EgkZVwYTZ5XLnVToEFiJ7Tla0EYskcI\nr/7rDxHBQY2ZS4DYzCrBEfPxSe68jNTW55f+DB3afrv9dltC21TPUJ9bHKVdNYRZ\nTP0po7gq2WqI4ixrVCl0+9RdfDrIfoXodpGlfD2EY/v4c6boLFKGQ3X+1A/VgVep\njr4wh2tgysaTbACkRs7IIaRRrQ3AC1pyRaUgg/sB5uCQfR5SwJ+GEtiXvcnWG7eh\nlamhPhWw0+LushAswdEsdF7pKlU7evpU/oiJigPowSxW74xMRFyXxJT85H9eB6m9\nN+9fP5rw08OXxrGFWC2/RJDHf5HbqocncvqDZWGaIwECgYEA29D6VPr481339vLA\nj50PfVXp+UZ2dFTrLTDvDOcBE3BT17eV9O/Vfkkkq0oTBC0578Dc3FxTYjC5sMEI\n/NDrtgT+CKKFzjqI9DeweV89cl3VQ8Z15juIeO35D0iKXEupOfnh1Oxv+SWgXI26\nrTLftiRsuOA98VCtdydqvlH2R1ECgYEA99sLfDmtPTmflowLod3AfCCQSUg7Qa7U\nNNlUUZzKMYeMm+diz5p4wxhYEIKXP2CsdsWUIqgnHiGseaIivrz++C6ovouxJf1g\nM5Z9QlTTAj/Y/B/ysD2ajbtGlsNO7qSuhaGoYiy70YogLfXBkZhlg0XMyCGcLe3z\nTZ6Oab1AwZ0CgYEAj/orXWodkdokxn1uHyLyuFeDryC2CbBtceYxTbQpAkB6yjqX\nYB2PKu5htEgKeJve7OjYQQXAH/pmRh3J8z4shcZzVdiN5+xzM/MeBgGZz8UiIQhm\nxOyNkRfeIGKVLarpJu5DOyG6nehFRxoWAcfmu/jTtaw7Jkp/tCH/SrWIqGECgYA+\n3PGmykIkGy9c0ZxJq6KcWO3/iDBvUlZEKTL3mBq4QTbqe99V5EnowY3kchrGWlCj\nty0BNUDmpYfHOdYyJmFMtRjbaza8+eyiaPLQFg+GrIbuO3QkOxuuAue+aT7lzCLv\nhbbdX5craCsNPR2hPdPRXay4vb2M8KMa9rIMI5H/CQKBgA651q/cDX0kEAfBSlPL\n5FkSkDBcQ+K+uaTjJkGcH6drCKW43UlVmBE5l/Yq65JLZDlHJ3zFzxwhqPBdntkp\nxpOmc+yuvlLPSxEXVy1PSS8Ct97Ag9SrkpqRTMlXEBqjtNF0n+A7F79yfx9uAFDE\n/GdAP8zP10pZ4U4YoI1umD3v\n-----END PRIVATE KEY-----\n",
            "public_key_fingerprint_md5": "c9:9a:4f:14:19:35:37:38:91:1f:0d:81:4c:df:93:e9",
            "public_key_fingerprint_sha256": "SHA256:CkKKsnhWBTw/GyRY5H81ysxsqpEzDKcD1vwnvUom5EE",
            "public_key_openssh": "ssh-rsa AAAAB3NzaC1yc2EAAAADAQABAAABAQDU0rcqyloWQnwyZPh/AyC8OcfV/bvieESJy8xvL5xX9SsVfOabezJnxlRfFp/sv1MJnZT6x7sFbqUiOCrNvi07SXHtQBaofj8QBHzaW2Ddmg65IsJJxKQ9l3VUpmPMxQCXI67mm12MpJkn4u4Vndd4v1bK3whdeEWxAP8WckVqDmBWwLgCewjDX4o3IwGeoM4ysiG2OUDIlzIFTaiCVZzXy6v7n3ip0EowQZ7jkN/9DXKtHVaiBoNmUJ4Yi1pNxa4Jnqd064y1Z7iRBYSM2ywNtnCJUCPj6p+wewro/HwufaFxwgjdKbE7RVopY7PKpM5GH0ODta3WvJdNcPSRDc2t\n",
            "public_key_pem": "-----BEGIN PUBLIC KEY-----\nMIIBIjANBgkqhkiG9w0BAQEFAAOCAQ8AMIIBCgKCAQEA1NK3KspaFkJ8MmT4fwMg\nvDnH1f274nhEicvMby+cV/UrFXzmm3syZ8ZUXxaf7L9TCZ2U+se7BW6lIjgqzb4t\nO0lx7UAWqH4/EAR82ltg3ZoOuSLCScSkPZd1VKZjzMUAlyOu5ptdjKSZJ+LuFZ3X\neL9Wyt8IXXhFsQD/FnJFag5gVsC4AnsIw1+KNyMBnqDOMrIhtjlAyJcyBU2oglWc\n18ur+594qdBKMEGe45Df/Q1yrR1WogaDZlCeGItaTcWuCZ6ndOuMtWe4kQWEjNss\nDbZwiVAj4+qfsHsK6Px8Ln2hccII3SmxO0VaKWOzyqTORh9Dg7Wt1ryXTXD0kQ3N\nrQIDAQAB\n-----END PUBLIC KEY-----\n",
            "rsa_bits": 2048
          },
          "sensitive_attributes": [
            [
              {
                "type": "get_attr",
                "value": "private_key_pem"
              }
            ],
            [
              {
                "type": "get_attr",
                "value": "private_key_pem_pkcs8"
              }
            ],
            [
              {
                "type": "get_attr",
                "value": "private_key_openssh"
              }
            ]
          ]
        }
      ]
    }
  ],
  "check_results": null
}
